# This file is automatically @generated by Cargo.
# It is not intended for manual editing.
version = 4

[[package]]
name = "bindmount"
version = "0.1.0"
dependencies = [
 "libc",
 "linux-syscalls",
]

[[package]]
name = "cc"
version = "1.2.13"
source = "registry+https://github.com/rust-lang/crates.io-index"
checksum = "c7777341816418c02e033934a09f20dc0ccaf65a5201ef8a450ae0105a573fda"
dependencies = [
 "shlex",
]

[[package]]
name = "libc"
version = "0.2.169"
source = "registry+https://github.com/rust-lang/crates.io-index"
checksum = "b5aba8db14291edd000dfcc4d620c7ebfb122c613afb886ca8803fa4e128a20a"

[[package]]
name = "linux-errnos"
version = "0.3.4"
source = "registry+https://github.com/rust-lang/crates.io-index"
checksum = "82d9999959fd7a0dce57905269e4b54fc222fb9e2dd09b947fc9128b4d27b8b6"

[[package]]
name = "linux-raw-vdso"
version = "0.1.4"
source = "registry+https://github.com/rust-lang/crates.io-index"
checksum = "125164ff371966a3153fd1b9419d6dd3570f1824185403a42e71f2dc3b8b5db3"

[[package]]
name = "linux-syscalls"
version = "0.4.0"
source = "registry+https://github.com/rust-lang/crates.io-index"
checksum = "7927a9d8af32c25907f703c24e1d14888c9cff5e212a51be80cd2a89434a8728"
dependencies = [
 "cc",
 "linux-errnos",
 "linux-raw-vdso",
 "linux-sysno",
 "rustc_version",
]

[[package]]
name = "linux-sysno"
version = "0.2.5"
source = "registry+https://github.com/rust-lang/crates.io-index"
checksum = "3c44a65fa7379792ef3ff10f8158985e8993bede54c0cd0deb6fde126f92a0e1"

[[package]]
name = "rustc_version"
version = "0.4.1"
source = "registry+https://github.com/rust-lang/crates.io-index"
checksum = "cfcb3a22ef46e85b45de6ee7e79d063319ebb6594faafcf1c225ea92ab6e9b92"
dependencies = [
 "semver",
]

[[package]]
name = "semver"
version = "1.0.25"
source = "registry+https://github.com/rust-lang/crates.io-index"
checksum = "f79dfe2d285b0488816f30e700a7438c5a73d816b5b7d3ac72fbc48b0d185e03"

[[package]]
name = "shlex"
version = "1.3.0"
source = "registry+https://github.com/rust-lang/crates.io-index"
checksum = "0fda2ff0d084019ba4d7c6f371c95d8fd75ce3524c3cb8fb653a3023f6323e64"
